// !$*UTF8*$!
{
	archiveVersion = 1;
	classes = {
	};
	objectVersion = 46;
	objects = {

/* Begin PBXBuildFile section */
		BCA2D7241A3712D30021EF6E /* Foundation.framework in Frameworks */ = {isa = PBXBuildFile; fileRef = BCA2D7231A3712D30021EF6E /* Foundation.framework */; };
		BCA2D7261A3712D30021EF6E /* CoreGraphics.framework in Frameworks */ = {isa = PBXBuildFile; fileRef = BCA2D7251A3712D30021EF6E /* CoreGraphics.framework */; };
		BCA2D7281A3712D30021EF6E /* UIKit.framework in Frameworks */ = {isa = PBXBuildFile; fileRef = BCA2D7271A3712D30021EF6E /* UIKit.framework */; };
		BCA2D72E1A3712D30021EF6E /* InfoPlist.strings in Resources */ = {isa = PBXBuildFile; fileRef = BCA2D72C1A3712D30021EF6E /* InfoPlist.strings */; };
		BCA2D7301A3712D30021EF6E /* main.m in Sources */ = {isa = PBXBuildFile; fileRef = BCA2D72F1A3712D30021EF6E /* main.m */; };
		BCA2D7341A3712D30021EF6E /* AppDelegate.m in Sources */ = {isa = PBXBuildFile; fileRef = BCA2D7331A3712D30021EF6E /* AppDelegate.m */; };
		BCA2D7361A3712D40021EF6E /* Images.xcassets in Resources */ = {isa = PBXBuildFile; fileRef = BCA2D7351A3712D40021EF6E /* Images.xcassets */; };
		BCA2D73D1A3712D40021EF6E /* XCTest.framework in Frameworks */ = {isa = PBXBuildFile; fileRef = BCA2D73C1A3712D40021EF6E /* XCTest.framework */; };
		BCA2D73E1A3712D40021EF6E /* Foundation.framework in Frameworks */ = {isa = PBXBuildFile; fileRef = BCA2D7231A3712D30021EF6E /* Foundation.framework */; };
		BCA2D73F1A3712D40021EF6E /* UIKit.framework in Frameworks */ = {isa = PBXBuildFile; fileRef = BCA2D7271A3712D30021EF6E /* UIKit.framework */; };
		BCA2D7471A3712D40021EF6E /* InfoPlist.strings in Resources */ = {isa = PBXBuildFile; fileRef = BCA2D7451A3712D40021EF6E /* InfoPlist.strings */; };
		BCA2D7491A3712D40021EF6E /* jinrijiaodianTests.m in Sources */ = {isa = PBXBuildFile; fileRef = BCA2D7481A3712D40021EF6E /* jinrijiaodianTests.m */; };
/* End PBXBuildFile section */

/* Begin PBXContainerItemProxy section */
		BCA2D7401A3712D40021EF6E /* PBXContainerItemProxy */ = {
			isa = PBXContainerItemProxy;
			containerPortal = BCA2D7181A3712D30021EF6E /* Project object */;
			proxyType = 1;
			remoteGlobalIDString = BCA2D71F1A3712D30021EF6E;
			remoteInfo = jinrijiaodian;
		};
/* End PBXContainerItemProxy section */

/* Begin PBXFileReference section */
		BCA2D7201A3712D30021EF6E /* jinrijiaodian.app */ = {isa = PBXFileReference; explicitFileType = wrapper.application; includeInIndex = 0; path = jinrijiaodian.app; sourceTree = BUILT_PRODUCTS_DIR; };
		BCA2D7231A3712D30021EF6E /* Foundation.framework */ = {isa = PBXFileReference; lastKnownFileType = wrapper.framework; name = Foundation.framework; path = System/Library/Frameworks/Foundation.framework; sourceTree = SDKROOT; };
		BCA2D7251A3712D30021EF6E /* CoreGraphics.framework */ = {isa = PBXFileReference; lastKnownFileType = wrapper.framework; name = CoreGraphics.framework; path = System/Library/Frameworks/CoreGraphics.framework; sourceTree = SDKROOT; };
		BCA2D7271A3712D30021EF6E /* UIKit.framework */ = {isa = PBXFileReference; lastKnownFileType = wrapper.framework; name = UIKit.framework; path = System/Library/Frameworks/UIKit.framework; sourceTree = SDKROOT; };
		BCA2D72B1A3712D30021EF6E /* jinrijiaodian-Info.plist */ = {isa = PBXFileReference; lastKnownFileType = text.plist.xml; path = "jinrijiaodian-Info.plist"; sourceTree = "<group>"; };
		BCA2D72D1A3712D30021EF6E /* en */ = {isa = PBXFileReference; lastKnownFileType = text.plist.strings; name = en; path = en.lproj/InfoPlist.strings; sourceTree = "<group>"; };
		BCA2D72F1A3712D30021EF6E /* main.m */ = {isa = PBXFileReference; lastKnownFileType = sourcecode.c.objc; path = main.m; sourceTree = "<group>"; };
		BCA2D7311A3712D30021EF6E /* jinrijiaodian-Prefix.pch */ = {isa = PBXFileReference; lastKnownFileType = sourcecode.c.h; path = "jinrijiaodian-Prefix.pch"; sourceTree = "<group>"; };
		BCA2D7321A3712D30021EF6E /* AppDelegate.h */ = {isa = PBXFileReference; lastKnownFileType = sourcecode.c.h; path = AppDelegate.h; sourceTree = "<group>"; };
		BCA2D7331A3712D30021EF6E /* AppDelegate.m */ = {isa = PBXFileReference; lastKnownFileType = sourcecode.c.objc; path = AppDelegate.m; sourceTree = "<group>"; };
		BCA2D7351A3712D40021EF6E /* Images.xcassets */ = {isa = PBXFileReference; lastKnownFileType = folder.assetcatalog; path = Images.xcassets; sourceTree = "<group>"; };
		BCA2D73B1A3712D40021EF6E /* jinrijiaodianTests.xctest */ = {isa = PBXFileReference; explicitFileType = wrapper.cfbundle; includeInIndex = 0; path = jinrijiaodianTests.xctest; sourceTree = BUILT_PRODUCTS_DIR; };
		BCA2D73C1A3712D40021EF6E /* XCTest.framework */ = {isa = PBXFileReference; lastKnownFileType = wrapper.framework; name = XCTest.framework; path = Library/Frameworks/XCTest.framework; sourceTree = DEVELOPER_DIR; };
		BCA2D7441A3712D40021EF6E /* jinrijiaodianTests-Info.plist */ = {isa = PBXFileReference; lastKnownFileType = text.plist.xml; path = "jinrijiaodianTests-Info.plist"; sourceTree = "<group>"; };
		BCA2D7461A3712D40021EF6E /* en */ = {isa = PBXFileReference; lastKnownFileType = text.plist.strings; name = en; path = en.lproj/InfoPlist.strings; sourceTree = "<group>"; };
		BCA2D7481A3712D40021EF6E /* jinrijiaodianTests.m */ = {isa = PBXFileReference; lastKnownFileType = sourcecode.c.objc; path = jinrijiaodianTests.m; sourceTree = "<group>"; };
/* End PBXFileReference section */

/* Begin PBXFrameworksBuildPhase section */
		BCA2D71D1A3712D30021EF6E /* Frameworks */ = {
			isa = PBXFrameworksBuildPhase;
			buildActionMask = 2147483647;
			files = (
				BCA2D7261A3712D30021EF6E /* CoreGraphics.framework in Frameworks */,
				BCA2D7281A3712D30021EF6E /* UIKit.framework in Frameworks */,
				BCA2D7241A3712D30021EF6E /* Foundation.framework in Frameworks */,
			);
			runOnlyForDeploymentPostprocessing = 0;
		};
		BCA2D7381A3712D40021EF6E /* Frameworks */ = {
			isa = PBXFrameworksBuildPhase;
			buildActionMask = 2147483647;
			files = (
				BCA2D73D1A3712D40021EF6E /* XCTest.framework in Frameworks */,
				BCA2D73F1A3712D40021EF6E /* UIKit.framework in Frameworks */,
				BCA2D73E1A3712D40021EF6E /* Foundation.framework in Frameworks */,
			);
			runOnlyForDeploymentPostprocessing = 0;
		};
/* End PBXFrameworksBuildPhase section */

/* Begin PBXGroup section */
		BCA2D7171A3712D30021EF6E = {
			isa = PBXGroup;
			children = (
				BCA2D7291A3712D30021EF6E /* jinrijiaodian */,
				BCA2D7421A3712D40021EF6E /* jinrijiaodianTests */,
				BCA2D7221A3712D30021EF6E /* Frameworks */,
				BCA2D7211A3712D30021EF6E /* Products */,
			);
			sourceTree = "<group>";
		};
		BCA2D7211A3712D30021EF6E /* Products */ = {
			isa = PBXGroup;
			children = (
				BCA2D7201A3712D30021EF6E /* jinrijiaodian.app */,
				BCA2D73B1A3712D40021EF6E /* jinrijiaodianTests.xctest */,
			);
			name = Products;
			sourceTree = "<group>";
		};
		BCA2D7221A3712D30021EF6E /* Frameworks */ = {
			isa = PBXGroup;
			children = (
				BCA2D7231A3712D30021EF6E /* Foundation.framework */,
				BCA2D7251A3712D30021EF6E /* CoreGraphics.framework */,
				BCA2D7271A3712D30021EF6E /* UIKit.framework */,
				BCA2D73C1A3712D40021EF6E /* XCTest.framework */,
			);
			name = Frameworks;
			sourceTree = "<group>";
		};
		BCA2D7291A3712D30021EF6E /* jinrijiaodian */ = {
			isa = PBXGroup;
			children = (
				BCA2D7321A3712D30021EF6E /* AppDelegate.h */,
				BCA2D7331A3712D30021EF6E /* AppDelegate.m */,
				BCA2D7351A3712D40021EF6E /* Images.xcassets */,
				BCA2D72A1A3712D30021EF6E /* Supporting Files */,
			);
			path = jinrijiaodian;
			sourceTree = "<group>";
		};
		BCA2D72A1A3712D30021EF6E /* Supporting Files */ = {
			isa = PBXGroup;
			children = (
				BCA2D72B1A3712D30021EF6E /* jinrijiaodian-Info.plist */,
				BCA2D72C1A3712D30021EF6E /* InfoPlist.strings */,
				BCA2D72F1A3712D30021EF6E /* main.m */,
				BCA2D7311A3712D30021EF6E /* jinrijiaodian-Prefix.pch */,
			);
			name = "Supporting Files";
			sourceTree = "<group>";
		};
		BCA2D7421A3712D40021EF6E /* jinrijiaodianTests */ = {
			isa = PBXGroup;
			children = (
				BCA2D7481A3712D40021EF6E /* jinrijiaodianTests.m */,
				BCA2D7431A3712D40021EF6E /* Supporting Files */,
			);
			path = jinrijiaodianTests;
			sourceTree = "<group>";
		};
		BCA2D7431A3712D40021EF6E /* Supporting Files */ = {
			isa = PBXGroup;
			children = (
				BCA2D7441A3712D40021EF6E /* jinrijiaodianTests-Info.plist */,
				BCA2D7451A3712D40021EF6E /* InfoPlist.strings */,
			);
			name = "Supporting Files";
			sourceTree = "<group>";
		};
/* End PBXGroup section */

/* Begin PBXNativeTarget section */
		BCA2D71F1A3712D30021EF6E /* jinrijiaodian */ = {
			isa = PBXNativeTarget;
			buildConfigurationList = BCA2D74C1A3712D40021EF6E /* Build configuration list for PBXNativeTarget "jinrijiaodian" */;
			buildPhases = (
				BCA2D71C1A3712D30021EF6E /* Sources */,
				BCA2D71D1A3712D30021EF6E /* Frameworks */,
				BCA2D71E1A3712D30021EF6E /* Resources */,
			);
			buildRules = (
			);
			dependencies = (
			);
			name = jinrijiaodian;
			productName = jinrijiaodian;
			productReference = BCA2D7201A3712D30021EF6E /* jinrijiaodian.app */;
			productType = "com.apple.product-type.application";
		};
		BCA2D73A1A3712D40021EF6E /* jinrijiaodianTests */ = {
			isa = PBXNativeTarget;
			buildConfigurationList = BCA2D74F1A3712D40021EF6E /* Build configuration list for PBXNativeTarget "jinrijiaodianTests" */;
			buildPhases = (
				BCA2D7371A3712D40021EF6E /* Sources */,
				BCA2D7381A3712D40021EF6E /* Frameworks */,
				BCA2D7391A3712D40021EF6E /* Resources */,
			);
			buildRules = (
			);
			dependencies = (
				BCA2D7411A3712D40021EF6E /* PBXTargetDependency */,
			);
			name = jinrijiaodianTests;
			productName = jinrijiaodianTests;
			productReference = BCA2D73B1A3712D40021EF6E /* jinrijiaodianTests.xctest */;
			productType = "com.apple.product-type.bundle.unit-test";
		};
/* End PBXNativeTarget section */

/* Begin PBXProject section */
		BCA2D7181A3712D30021EF6E /* Project object */ = {
			isa = PBXProject;
			attributes = {
				LastUpgradeCheck = 0510;
				ORGANIZATIONNAME = "___FULLUSERNAME___";
				TargetAttributes = {
					BCA2D73A1A3712D40021EF6E = {
						TestTargetID = BCA2D71F1A3712D30021EF6E;
					};
				};
			};
			buildConfigurationList = BCA2D71B1A3712D30021EF6E /* Build configuration list for PBXProject "jinrijiaodian" */;
			compatibilityVersion = "Xcode 3.2";
			developmentRegion = English;
			hasScannedForEncodings = 0;
			knownRegions = (
				en,
			);
			mainGroup = BCA2D7171A3712D30021EF6E;
			productRefGroup = BCA2D7211A3712D30021EF6E /* Products */;
			projectDirPath = "";
			projectRoot = "";
			targets = (
				BCA2D71F1A3712D30021EF6E /* jinrijiaodian */,
				BCA2D73A1A3712D40021EF6E /* jinrijiaodianTests */,
			);
		};
/* End PBXProject section */

/* Begin PBXResourcesBuildPhase section */
		BCA2D71E1A3712D30021EF6E /* Resources */ = {
			isa = PBXResourcesBuildPhase;
			buildActionMask = 2147483647;
			files = (
				BCA2D72E1A3712D30021EF6E /* InfoPlist.strings in Resources */,
				BCA2D7361A3712D40021EF6E /* Images.xcassets in Resources */,
			);
			runOnlyForDeploymentPostprocessing = 0;
		};
		BCA2D7391A3712D40021EF6E /* Resources */ = {
			isa = PBXResourcesBuildPhase;
			buildActionMask = 2147483647;
			files = (
				BCA2D7471A3712D40021EF6E /* InfoPlist.strings in Resources */,
			);
			runOnlyForDeploymentPostprocessing = 0;
		};
/* End PBXResourcesBuildPhase section */

/* Begin PBXSourcesBuildPhase section */
		BCA2D71C1A3712D30021EF6E /* Sources */ = {
			isa = PBXSourcesBuildPhase;
			buildActionMask = 2147483647;
			files = (
				BCA2D7341A3712D30021EF6E /* AppDelegate.m in Sources */,
				BCA2D7301A3712D30021EF6E /* main.m in Sources */,
			);
			runOnlyForDeploymentPostprocessing = 0;
		};
		BCA2D7371A3712D40021EF6E /* Sources */ = {
			isa = PBXSourcesBuildPhase;
			buildActionMask = 2147483647;
			files = (
				BCA2D7491A3712D40021EF6E /* jinrijiaodianTests.m in Sources */,
			);
			runOnlyForDeploymentPostprocessing = 0;
		};
/* End PBXSourcesBuildPhase section */

/* Begin PBXTargetDependency section */
		BCA2D7411A3712D40021EF6E /* PBXTargetDependency */ = {
			isa = PBXTargetDependency;
			target = BCA2D71F1A3712D30021EF6E /* jinrijiaodian */;
			targetProxy = BCA2D7401A3712D40021EF6E /* PBXContainerItemProxy */;
		};
/* End PBXTargetDependency section */

/* Begin PBXVariantGroup section */
		BCA2D72C1A3712D30021EF6E /* InfoPlist.strings */ = {
			isa = PBXVariantGroup;
			children = (
				BCA2D72D1A3712D30021EF6E /* en */,
			);
			name = InfoPlist.strings;
			sourceTree = "<group>";
		};
		BCA2D7451A3712D40021EF6E /* InfoPlist.strings */ = {
			isa = PBXVariantGroup;
			children = (
				BCA2D7461A3712D40021EF6E /* en */,
			);
			name = InfoPlist.strings;
			sourceTree = "<group>";
		};
/* End PBXVariantGroup section */

/* Begin XCBuildConfiguration section */
		BCA2D74A1A3712D40021EF6E /* Debug */ = {
			isa = XCBuildConfiguration;
			buildSettings = {
				ALWAYS_SEARCH_USER_PATHS = NO;
				CLANG_CXX_LANGUAGE_STANDARD = "gnu++0x";
				CLANG_CXX_LIBRARY = "libc++";
				CLANG_ENABLE_MODULES = YES;
				CLANG_ENABLE_OBJC_ARC = YES;
				CLANG_WARN_BOOL_CONVERSION = YES;
				CLANG_WARN_CONSTANT_CONVERSION = YES;
				CLANG_WARN_DIRECT_OBJC_ISA_USAGE = YES_ERROR;
				CLANG_WARN_EMPTY_BODY = YES;
				CLANG_WARN_ENUM_CONVERSION = YES;
				CLANG_WARN_INT_CONVERSION = YES;
				CLANG_WARN_OBJC_ROOT_CLASS = YES_ERROR;
				CLANG_WARN__DUPLICATE_METHOD_MATCH = YES;
				"CODE_SIGN_IDENTITY[sdk=iphoneos*]" = "iPhone Developer";
				COPY_PHASE_STRIP = NO;
				GCC_C_LANGUAGE_STANDARD = gnu99;
				GCC_DYNAMIC_NO_PIC = NO;
				GCC_OPTIMIZATION_LEVEL = 0;
				GCC_PREPROCESSOR_DEFINITIONS = (
					"DEBUG=1",
					"$(inherited)",
				);
				GCC_SYMBOLS_PRIVATE_EXTERN = NO;
				GCC_WARN_64_TO_32_BIT_CONVERSION = YES;
				GCC_WARN_ABOUT_RETURN_TYPE = YES_ERROR;
				GCC_WARN_UNDECLARED_SELECTOR = YES;
				GCC_WARN_UNINITIALIZED_AUTOS = YES_AGGRESSIVE;
				GCC_WARN_UNUSED_FUNCTION = YES;
				GCC_WARN_UNUSED_VARIABLE = YES;
				IPHONEOS_DEPLOYMENT_TARGET = 7.1;
				ONLY_ACTIVE_ARCH = YES;
				SDKROOT = iphoneos;
				TARGETED_DEVICE_FAMILY = "1,2";
			};
			name = Debug;
		};
		BCA2D74B1A3712D40021EF6E /* Release */ = {
			isa = XCBuildConfiguration;
			buildSettings = {
				ALWAYS_SEARCH_USER_PATHS = NO;
				CLANG_CXX_LANGUAGE_STANDARD = "gnu++0x";
				CLANG_CXX_LIBRARY = "libc++";
				CLANG_ENABLE_MODULES = YES;
				CLANG_ENABLE_OBJC_ARC = YES;
				CLANG_WARN_BOOL_CONVERSION = YES;
				CLANG_WARN_CONSTANT_CONVERSION = YES;
				CLANG_WARN_DIRECT_OBJC_ISA_USAGE = YES_ERROR;
				CLANG_WARN_EMPTY_BODY = YES;
				CLANG_WARN_ENUM_CONVERSION = YES;
				CLANG_WARN_INT_CONVERSION = YES;
				CLANG_WARN_OBJC_ROOT_CLASS = YES_ERROR;
				CLANG_WARN__DUPLICATE_METHOD_MATCH = YES;
				"CODE_SIGN_IDENTITY[sdk=iphoneos*]" = "iPhone Developer";
				COPY_PHASE_STRIP = YES;
				ENABLE_NS_ASSERTIONS = NO;
				GCC_C_LANGUAGE_STANDARD = gnu99;
				GCC_WARN_64_TO_32_BIT_CONVERSION = YES;
				GCC_WARN_ABOUT_RETURN_TYPE = YES_ERROR;
				GCC_WARN_UNDECLARED_SELECTOR = YES;
				GCC_WARN_UNINITIALIZED_AUTOS = YES_AGGRESSIVE;
				GCC_WARN_UNUSED_FUNCTION = YES;
				GCC_WARN_UNUSED_VARIABLE = YES;
				IPHONEOS_DEPLOYMENT_TARGET = 7.1;
				SDKROOT = iphoneos;
				TARGETED_DEVICE_FAMILY = "1,2";
				VALIDATE_PRODUCT = YES;
			};
			name = Release;
		};
		BCA2D74D1A3712D40021EF6E /* Debug */ = {
			isa = XCBuildConfiguration;
			buildSettings = {
				ASSETCATALOG_COMPILER_APPICON_NAME = AppIcon;
				ASSETCATALOG_COMPILER_LAUNCHIMAGE_NAME = LaunchImage;
				GCC_PRECOMPILE_PREFIX_HEADER = YES;
				GCC_PREFIX_HEADER = "jinrijiaodian/jinrijiaodian-Prefix.pch";
				INFOPLIST_FILE = "jinrijiaodian/jinrijiaodian-Info.plist";
				PRODUCT_NAME = "$(TARGET_NAME)";
				WRAPPER_EXTENSION = app;
			};
			name = Debug;
		};
		BCA2D74E1A3712D40021EF6E /* Release */ = {
			isa = XCBuildConfiguration;
			buildSettings = {
				ASSETCATALOG_COMPILER_APPICON_NAME = AppIcon;
				ASSETCATALOG_COMPILER_LAUNCHIMAGE_NAME = LaunchImage;
				GCC_PRECOMPILE_PREFIX_HEADER = YES;
				GCC_PREFIX_HEADER = "jinrijiaodian/jinrijiaodian-Prefix.pch";
				INFOPLIST_FILE = "jinrijiaodian/jinrijiaodian-Info.plist";
				PRODUCT_NAME = "$(TARGET_NAME)";
				WRAPPER_EXTENSION = app;
			};
			name = Release;
		};
		BCA2D7501A3712D40021EF6E /* Debug */ = {
			isa = XCBuildConfiguration;
			buildSettings = {
				BUNDLE_LOADER = "$(BUILT_PRODUCTS_DIR)/jinrijiaodian.app/jinrijiaodian";
				FRAMEWORK_SEARCH_PATHS = (
					"$(SDKROOT)/Developer/Library/Frameworks",
					"$(inherited)",
					"$(DEVELOPER_FRAMEWORKS_DIR)",
				);
				GCC_PRECOMPILE_PREFIX_HEADER = YES;
				GCC_PREFIX_HEADER = "jinrijiaodian/jinrijiaodian-Prefix.pch";
				GCC_PREPROCESSOR_DEFINITIONS = (
					"DEBUG=1",
					"$(inherited)",
				);
				INFOPLIST_FILE = "jinrijiaodianTests/jinrijiaodianTests-Info.plist";
				PRODUCT_NAME = "$(TARGET_NAME)";
				TEST_HOST = "$(BUNDLE_LOADER)";
				WRAPPER_EXTENSION = xctest;
			};
			name = Debug;
		};
		BCA2D7511A3712D40021EF6E /* Release */ = {
			isa = XCBuildConfiguration;
			buildSettings = {
				BUNDLE_LOADER = "$(BUILT_PRODUCTS_DIR)/jinrijiaodian.app/jinrijiaodian";
				FRAMEWORK_SEARCH_PATHS = (
					"$(SDKROOT)/Developer/Library/Frameworks",
					"$(inherited)",
					"$(DEVELOPER_FRAMEWORKS_DIR)",
				);
				GCC_PRECOMPILE_PREFIX_HEADER = YES;
				GCC_PREFIX_HEADER = "jinrijiaodian/jinrijiaodian-Prefix.pch";
				INFOPLIST_FILE = "jinrijiaodianTests/jinrijiaodianTests-Info.plist";
				PRODUCT_NAME = "$(TARGET_NAME)";
				TEST_HOST = "$(BUNDLE_LOADER)";
				WRAPPER_EXTENSION = xctest;
			};
			name = Release;
		};
/* End XCBuildConfiguration section */

/* Begin XCConfigurationList section */
		BCA2D71B1A3712D30021EF6E /* Build configuration list for PBXProject "jinrijiaodian" */ = {
			isa = XCConfigurationList;
			buildConfigurations = (
				BCA2D74A1A3712D40021EF6E /* Debug */,
				BCA2D74B1A3712D40021EF6E /* Release */,
			);
			defaultConfigurationIsVisible = 0;
			defaultConfigurationName = Release;
		};
		BCA2D74C1A3712D40021EF6E /* Build configuration list for PBXNativeTarget "jinrijiaodian" */ = {
			isa = XCConfigurationList;
			buildConfigurations = (
				BCA2D74D1A3712D40021EF6E /* Debug */,
				BCA2D74E1A3712D40021EF6E /* Release */,
			);
			defaultConfigurationIsVisible = 0;
		};
		BCA2D74F1A3712D40021EF6E /* Build configuration list for PBXNativeTarget "jinrijiaodianTests" */ = {
			isa = XCConfigurationList;
			buildConfigurations = (
				BCA2D7501A3712D40021EF6E /* Debug */,
				BCA2D7511A3712D40021EF6E /* Release */,
			);
			defaultConfigurationIsVisible = 0;
		};
/* End XCConfigurationList section */
	};
	rootObject = BCA2D7181A3712D30021EF6E /* Project object */;
}
